// !$*UTF8*$!
{
	archiveVersion = 1;
	classes = {
	};
	objectVersion = 56;
	objects = {

/* Begin PBXBuildFile section */
		08365A5C2C107A6200DADE57 /* AppDelegate.swift in Sources */ = {isa = PBXBuildFile; fileRef = 08365A5B2C107A6200DADE57 /* AppDelegate.swift */; };
		08365A5E2C107A6200DADE57 /* SceneDelegate.swift in Sources */ = {isa = PBXBuildFile; fileRef = 08365A5D2C107A6200DADE57 /* SceneDelegate.swift */; };
		08365A632C107A6200DADE57 /* Base in Resources */ = {isa = PBXBuildFile; fileRef = 08365A622C107A6200DADE57 /* Base */; };
		08365A662C107A6200DADE57 /* TendableiOSTest.xcdatamodeld in Sources */ = {isa = PBXBuildFile; fileRef = 08365A642C107A6200DADE57 /* TendableiOSTest.xcdatamodeld */; };
		08365A682C107A6300DADE57 /* Assets.xcassets in Resources */ = {isa = PBXBuildFile; fileRef = 08365A672C107A6300DADE57 /* Assets.xcassets */; };
		08365A6B2C107A6300DADE57 /* Base in Resources */ = {isa = PBXBuildFile; fileRef = 08365A6A2C107A6300DADE57 /* Base */; };
		08365A762C107A6300DADE57 /* TendableiOSTestTests.swift in Sources */ = {isa = PBXBuildFile; fileRef = 08365A752C107A6300DADE57 /* TendableiOSTestTests.swift */; };
		08365A802C107A6300DADE57 /* TendableiOSTestUITests.swift in Sources */ = {isa = PBXBuildFile; fileRef = 08365A7F2C107A6300DADE57 /* TendableiOSTestUITests.swift */; };
		08365A822C107A6300DADE57 /* TendableiOSTestUITestsLaunchTests.swift in Sources */ = {isa = PBXBuildFile; fileRef = 08365A812C107A6300DADE57 /* TendableiOSTestUITestsLaunchTests.swift */; };
		08365A942C107D3900DADE57 /* SurveyViewController.swift in Sources */ = {isa = PBXBuildFile; fileRef = 08365A932C107D3900DADE57 /* SurveyViewController.swift */; };
		08365A972C107EF000DADE57 /* InspectionDataModel.swift in Sources */ = {isa = PBXBuildFile; fileRef = 08365A962C107EF000DADE57 /* InspectionDataModel.swift */; };
		083AF8BF2C10818300C78F96 /* NetworkManager.swift in Sources */ = {isa = PBXBuildFile; fileRef = 083AF8BE2C10818300C78F96 /* NetworkManager.swift */; };
		083AF8C22C10829500C78F96 /* AppConstants.swift in Sources */ = {isa = PBXBuildFile; fileRef = 083AF8C12C10829500C78F96 /* AppConstants.swift */; };
		083AF8C42C10835F00C78F96 /* SurveyViewModel.swift in Sources */ = {isa = PBXBuildFile; fileRef = 083AF8C32C10835F00C78F96 /* SurveyViewModel.swift */; };
		08731B892C11BA3300638D61 /* UserDefaultManager.swift in Sources */ = {isa = PBXBuildFile; fileRef = 08731B882C11BA3300638D61 /* UserDefaultManager.swift */; };
		08731B8B2C11E74200638D61 /* AppActivityLoader.swift in Sources */ = {isa = PBXBuildFile; fileRef = 08731B8A2C11E74200638D61 /* AppActivityLoader.swift */; };
		08731B8E2C11E7E300638D61 /* UIViewControllerExtension.swift in Sources */ = {isa = PBXBuildFile; fileRef = 08731B8D2C11E7E300638D61 /* UIViewControllerExtension.swift */; };
		08731B902C11EEE700638D61 /* NetworkReachabilityManager.swift in Sources */ = {isa = PBXBuildFile; fileRef = 08731B8F2C11EEE700638D61 /* NetworkReachabilityManager.swift */; };
/* End PBXBuildFile section */

/* Begin PBXContainerItemProxy section */
		08365A722C107A6300DADE57 /* PBXContainerItemProxy */ = {
			isa = PBXContainerItemProxy;
			containerPortal = 08365A502C107A6200DADE57 /* Project object */;
			proxyType = 1;
			remoteGlobalIDString = 08365A572C107A6200DADE57;
			remoteInfo = TendableiOSTest;
		};
		08365A7C2C107A6300DADE57 /* PBXContainerItemProxy */ = {
			isa = PBXContainerItemProxy;
			containerPortal = 08365A502C107A6200DADE57 /* Project object */;
			proxyType = 1;
			remoteGlobalIDString = 08365A572C107A6200DADE57;
			remoteInfo = TendableiOSTest;
		};
/* End PBXContainerItemProxy section */

/* Begin PBXFileReference section */
		08365A582C107A6200DADE57 /* TendableiOSTest.app */ = {isa = PBXFileReference; explicitFileType = wrapper.application; includeInIndex = 0; path = TendableiOSTest.app; sourceTree = BUILT_PRODUCTS_DIR; };
		08365A5B2C107A6200DADE57 /* AppDelegate.swift */ = {isa = PBXFileReference; lastKnownFileType = sourcecode.swift; path = AppDelegate.swift; sourceTree = "<group>"; };
		08365A5D2C107A6200DADE57 /* SceneDelegate.swift */ = {isa = PBXFileReference; lastKnownFileType = sourcecode.swift; path = SceneDelegate.swift; sourceTree = "<group>"; };
		08365A622C107A6200DADE57 /* Base */ = {isa = PBXFileReference; lastKnownFileType = file.storyboard; name = Base; path = Base.lproj/Main.storyboard; sourceTree = "<group>"; };
		08365A652C107A6200DADE57 /* TendableiOSTest.xcdatamodel */ = {isa = PBXFileReference; lastKnownFileType = wrapper.xcdatamodel; path = TendableiOSTest.xcdatamodel; sourceTree = "<group>"; };
		08365A672C107A6300DADE57 /* Assets.xcassets */ = {isa = PBXFileReference; lastKnownFileType = folder.assetcatalog; path = Assets.xcassets; sourceTree = "<group>"; };
		08365A6A2C107A6300DADE57 /* Base */ = {isa = PBXFileReference; lastKnownFileType = file.storyboard; name = Base; path = Base.lproj/LaunchScreen.storyboard; sourceTree = "<group>"; };
		08365A6C2C107A6300DADE57 /* Info.plist */ = {isa = PBXFileReference; lastKnownFileType = text.plist.xml; path = Info.plist; sourceTree = "<group>"; };
		08365A712C107A6300DADE57 /* TendableiOSTestTests.xctest */ = {isa = PBXFileReference; explicitFileType = wrapper.cfbundle; includeInIndex = 0; path = TendableiOSTestTests.xctest; sourceTree = BUILT_PRODUCTS_DIR; };
		08365A752C107A6300DADE57 /* TendableiOSTestTests.swift */ = {isa = PBXFileReference; lastKnownFileType = sourcecode.swift; path = TendableiOSTestTests.swift; sourceTree = "<group>"; };
		08365A7B2C107A6300DADE57 /* TendableiOSTestUITests.xctest */ = {isa = PBXFileReference; explicitFileType = wrapper.cfbundle; includeInIndex = 0; path = TendableiOSTestUITests.xctest; sourceTree = BUILT_PRODUCTS_DIR; };
		08365A7F2C107A6300DADE57 /* TendableiOSTestUITests.swift */ = {isa = PBXFileReference; lastKnownFileType = sourcecode.swift; path = TendableiOSTestUITests.swift; sourceTree = "<group>"; };
		08365A812C107A6300DADE57 /* TendableiOSTestUITestsLaunchTests.swift */ = {isa = PBXFileReference; lastKnownFileType = sourcecode.swift; path = TendableiOSTestUITestsLaunchTests.swift; sourceTree = "<group>"; };
		08365A932C107D3900DADE57 /* SurveyViewController.swift */ = {isa = PBXFileReference; lastKnownFileType = sourcecode.swift; path = SurveyViewController.swift; sourceTree = "<group>"; };
		08365A962C107EF000DADE57 /* InspectionDataModel.swift */ = {isa = PBXFileReference; lastKnownFileType = sourcecode.swift; path = InspectionDataModel.swift; sourceTree = "<group>"; };
		083AF8BE2C10818300C78F96 /* NetworkManager.swift */ = {isa = PBXFileReference; lastKnownFileType = sourcecode.swift; path = NetworkManager.swift; sourceTree = "<group>"; };
		083AF8C12C10829500C78F96 /* AppConstants.swift */ = {isa = PBXFileReference; lastKnownFileType = sourcecode.swift; path = AppConstants.swift; sourceTree = "<group>"; };
		083AF8C32C10835F00C78F96 /* SurveyViewModel.swift */ = {isa = PBXFileReference; lastKnownFileType = sourcecode.swift; path = SurveyViewModel.swift; sourceTree = "<group>"; };
		08731B882C11BA3300638D61 /* UserDefaultManager.swift */ = {isa = PBXFileReference; lastKnownFileType = sourcecode.swift; path = UserDefaultManager.swift; sourceTree = "<group>"; };
		08731B8A2C11E74200638D61 /* AppActivityLoader.swift */ = {isa = PBXFileReference; lastKnownFileType = sourcecode.swift; path = AppActivityLoader.swift; sourceTree = "<group>"; };
		08731B8D2C11E7E300638D61 /* UIViewControllerExtension.swift */ = {isa = PBXFileReference; lastKnownFileType = sourcecode.swift; path = UIViewControllerExtension.swift; sourceTree = "<group>"; };
		08731B8F2C11EEE700638D61 /* NetworkReachabilityManager.swift */ = {isa = PBXFileReference; lastKnownFileType = sourcecode.swift; path = NetworkReachabilityManager.swift; sourceTree = "<group>"; };
/* End PBXFileReference section */

/* Begin PBXFrameworksBuildPhase section */
		08365A552C107A6200DADE57 /* Frameworks */ = {
			isa = PBXFrameworksBuildPhase;
			buildActionMask = 2147483647;
			files = (
			);
			runOnlyForDeploymentPostprocessing = 0;
		};
		08365A6E2C107A6300DADE57 /* Frameworks */ = {
			isa = PBXFrameworksBuildPhase;
			buildActionMask = 2147483647;
			files = (
			);
			runOnlyForDeploymentPostprocessing = 0;
		};
		08365A782C107A6300DADE57 /* Frameworks */ = {
			isa = PBXFrameworksBuildPhase;
			buildActionMask = 2147483647;
			files = (
			);
			runOnlyForDeploymentPostprocessing = 0;
		};
/* End PBXFrameworksBuildPhase section */

/* Begin PBXGroup section */
		08365A4F2C107A6200DADE57 = {
			isa = PBXGroup;
			children = (
				08365A5A2C107A6200DADE57 /* TendableiOSTest */,
				08365A742C107A6300DADE57 /* TendableiOSTestTests */,
				08365A7E2C107A6300DADE57 /* TendableiOSTestUITests */,
				08365A592C107A6200DADE57 /* Products */,
			);
			sourceTree = "<group>";
		};
		08365A592C107A6200DADE57 /* Products */ = {
			isa = PBXGroup;
			children = (
				08365A582C107A6200DADE57 /* TendableiOSTest.app */,
				08365A712C107A6300DADE57 /* TendableiOSTestTests.xctest */,
				08365A7B2C107A6300DADE57 /* TendableiOSTestUITests.xctest */,
			);
			name = Products;
			sourceTree = "<group>";
		};
		08365A5A2C107A6200DADE57 /* TendableiOSTest */ = {
			isa = PBXGroup;
			children = (
				08731B8C2C11E7CE00638D61 /* Extensions */,
				083AF8C02C10827900C78F96 /* App Utility */,
				083AF8BC2C10816C00C78F96 /* Manager */,
				08365A902C107CBD00DADE57 /* Model */,
				08365A8F2C107CB300DADE57 /* View */,
				08365A8E2C107C6A00DADE57 /* ViewModel */,
				08365A952C107D4A00DADE57 /* Controller */,
				08365A5D2C107A6200DADE57 /* SceneDelegate.swift */,
				08365A5B2C107A6200DADE57 /* AppDelegate.swift */,
				08365A672C107A6300DADE57 /* Assets.xcassets */,
				08365A692C107A6300DADE57 /* LaunchScreen.storyboard */,
				08365A6C2C107A6300DADE57 /* Info.plist */,
				08365A642C107A6200DADE57 /* TendableiOSTest.xcdatamodeld */,
			);
			path = TendableiOSTest;
			sourceTree = "<group>";
		};
		08365A742C107A6300DADE57 /* TendableiOSTestTests */ = {
			isa = PBXGroup;
			children = (
				08365A752C107A6300DADE57 /* TendableiOSTestTests.swift */,
			);
			path = TendableiOSTestTests;
			sourceTree = "<group>";
		};
		08365A7E2C107A6300DADE57 /* TendableiOSTestUITests */ = {
			isa = PBXGroup;
			children = (
				08365A7F2C107A6300DADE57 /* TendableiOSTestUITests.swift */,
				08365A812C107A6300DADE57 /* TendableiOSTestUITestsLaunchTests.swift */,
			);
			path = TendableiOSTestUITests;
			sourceTree = "<group>";
		};
		08365A8E2C107C6A00DADE57 /* ViewModel */ = {
			isa = PBXGroup;
			children = (
				083AF8C32C10835F00C78F96 /* SurveyViewModel.swift */,
			);
			path = ViewModel;
			sourceTree = "<group>";
		};
		08365A8F2C107CB300DADE57 /* View */ = {
			isa = PBXGroup;
			children = (
				08365A612C107A6200DADE57 /* Main.storyboard */,
			);
			path = View;
			sourceTree = "<group>";
		};
		08365A902C107CBD00DADE57 /* Model */ = {
			isa = PBXGroup;
			children = (
				08365A962C107EF000DADE57 /* InspectionDataModel.swift */,
			);
			path = Model;
			sourceTree = "<group>";
		};
		08365A952C107D4A00DADE57 /* Controller */ = {
			isa = PBXGroup;
			children = (
				08365A932C107D3900DADE57 /* SurveyViewController.swift */,
			);
			path = Controller;
			sourceTree = "<group>";
		};
		083AF8BC2C10816C00C78F96 /* Manager */ = {
			isa = PBXGroup;
			children = (
				083AF8BE2C10818300C78F96 /* NetworkManager.swift */,
				08731B882C11BA3300638D61 /* UserDefaultManager.swift */,
				08731B8F2C11EEE700638D61 /* NetworkReachabilityManager.swift */,
			);
			path = Manager;
			sourceTree = "<group>";
		};
		083AF8C02C10827900C78F96 /* App Utility */ = {
			isa = PBXGroup;
			children = (
				083AF8C12C10829500C78F96 /* AppConstants.swift */,
				08731B8A2C11E74200638D61 /* AppActivityLoader.swift */,
			);
			path = "App Utility";
			sourceTree = "<group>";
		};
		08731B8C2C11E7CE00638D61 /* Extensions */ = {
			isa = PBXGroup;
			children = (
				08731B8D2C11E7E300638D61 /* UIViewControllerExtension.swift */,
			);
			path = Extensions;
			sourceTree = "<group>";
		};
/* End PBXGroup section */

/* Begin PBXNativeTarget section */
		08365A572C107A6200DADE57 /* TendableiOSTest */ = {
			isa = PBXNativeTarget;
			buildConfigurationList = 08365A852C107A6300DADE57 /* Build configuration list for PBXNativeTarget "TendableiOSTest" */;
			buildPhases = (
				08365A542C107A6200DADE57 /* Sources */,
				08365A552C107A6200DADE57 /* Frameworks */,
				08365A562C107A6200DADE57 /* Resources */,
			);
			buildRules = (
			);
			dependencies = (
			);
			name = TendableiOSTest;
			productName = TendableiOSTest;
			productReference = 08365A582C107A6200DADE57 /* TendableiOSTest.app */;
			productType = "com.apple.product-type.application";
		};
		08365A702C107A6300DADE57 /* TendableiOSTestTests */ = {
			isa = PBXNativeTarget;
			buildConfigurationList = 08365A882C107A6300DADE57 /* Build configuration list for PBXNativeTarget "TendableiOSTestTests" */;
			buildPhases = (
				08365A6D2C107A6300DADE57 /* Sources */,
				08365A6E2C107A6300DADE57 /* Frameworks */,
				08365A6F2C107A6300DADE57 /* Resources */,
			);
			buildRules = (
			);
			dependencies = (
				08365A732C107A6300DADE57 /* PBXTargetDependency */,
			);
			name = TendableiOSTestTests;
			productName = TendableiOSTestTests;
			productReference = 08365A712C107A6300DADE57 /* TendableiOSTestTests.xctest */;
			productType = "com.apple.product-type.bundle.unit-test";
		};
		08365A7A2C107A6300DADE57 /* TendableiOSTestUITests */ = {
			isa = PBXNativeTarget;
			buildConfigurationList = 08365A8B2C107A6300DADE57 /* Build configuration list for PBXNativeTarget "TendableiOSTestUITests" */;
			buildPhases = (
				08365A772C107A6300DADE57 /* Sources */,
				08365A782C107A6300DADE57 /* Frameworks */,
				08365A792C107A6300DADE57 /* Resources */,
			);
			buildRules = (
			);
			dependencies = (
				08365A7D2C107A6300DADE57 /* PBXTargetDependency */,
			);
			name = TendableiOSTestUITests;
			productName = TendableiOSTestUITests;
			productReference = 08365A7B2C107A6300DADE57 /* TendableiOSTestUITests.xctest */;
			productType = "com.apple.product-type.bundle.ui-testing";
		};
/* End PBXNativeTarget section */

/* Begin PBXProject section */
		08365A502C107A6200DADE57 /* Project object */ = {
			isa = PBXProject;
			attributes = {
				BuildIndependentTargetsInParallel = 1;
				LastSwiftUpdateCheck = 1530;
				LastUpgradeCheck = 1530;
				TargetAttributes = {
					08365A572C107A6200DADE57 = {
						CreatedOnToolsVersion = 15.3;
					};
					08365A702C107A6300DADE57 = {
						CreatedOnToolsVersion = 15.3;
						TestTargetID = 08365A572C107A6200DADE57;
					};
					08365A7A2C107A6300DADE57 = {
						CreatedOnToolsVersion = 15.3;
						TestTargetID = 08365A572C107A6200DADE57;
					};
				};
			};
			buildConfigurationList = 08365A532C107A6200DADE57 /* Build configuration list for PBXProject "TendableiOSTest" */;
			compatibilityVersion = "Xcode 14.0";
			developmentRegion = en;
			hasScannedForEncodings = 0;
			knownRegions = (
				en,
				Base,
			);
			mainGroup = 08365A4F2C107A6200DADE57;
			productRefGroup = 08365A592C107A6200DADE57 /* Products */;
			projectDirPath = "";
			projectRoot = "";
			targets = (
				08365A572C107A6200DADE57 /* TendableiOSTest */,
				08365A702C107A6300DADE57 /* TendableiOSTestTests */,
				08365A7A2C107A6300DADE57 /* TendableiOSTestUITests */,
			);
		};
/* End PBXProject section */

/* Begin PBXResourcesBuildPhase section */
		08365A562C107A6200DADE57 /* Resources */ = {
			isa = PBXResourcesBuildPhase;
			buildActionMask = 2147483647;
			files = (
				08365A682C107A6300DADE57 /* Assets.xcassets in Resources */,
				08365A6B2C107A6300DADE57 /* Base in Resources */,
				08365A632C107A6200DADE57 /* Base in Resources */,
			);
			runOnlyForDeploymentPostprocessing = 0;
		};
		08365A6F2C107A6300DADE57 /* Resources */ = {
			isa = PBXResourcesBuildPhase;
			buildActionMask = 2147483647;
			files = (
			);
			runOnlyForDeploymentPostprocessing = 0;
		};
		08365A792C107A6300DADE57 /* Resources */ = {
			isa = PBXResourcesBuildPhase;
			buildActionMask = 2147483647;
			files = (
			);
			runOnlyForDeploymentPostprocessing = 0;
		};
/* End PBXResourcesBuildPhase section */

/* Begin PBXSourcesBuildPhase section */
		08365A542C107A6200DADE57 /* Sources */ = {
			isa = PBXSourcesBuildPhase;
			buildActionMask = 2147483647;
			files = (
				083AF8C42C10835F00C78F96 /* SurveyViewModel.swift in Sources */,
				08731B8B2C11E74200638D61 /* AppActivityLoader.swift in Sources */,
				08365A972C107EF000DADE57 /* InspectionDataModel.swift in Sources */,
				08365A5C2C107A6200DADE57 /* AppDelegate.swift in Sources */,
				083AF8C22C10829500C78F96 /* AppConstants.swift in Sources */,
				083AF8BF2C10818300C78F96 /* NetworkManager.swift in Sources */,
				08365A662C107A6200DADE57 /* TendableiOSTest.xcdatamodeld in Sources */,
				08731B892C11BA3300638D61 /* UserDefaultManager.swift in Sources */,
				08365A5E2C107A6200DADE57 /* SceneDelegate.swift in Sources */,
				08731B8E2C11E7E300638D61 /* UIViewControllerExtension.swift in Sources */,
				08731B902C11EEE700638D61 /* NetworkReachabilityManager.swift in Sources */,
				08365A942C107D3900DADE57 /* SurveyViewController.swift in Sources */,
			);
			runOnlyForDeploymentPostprocessing = 0;
		};
		08365A6D2C107A6300DADE57 /* Sources */ = {
			isa = PBXSourcesBuildPhase;
			buildActionMask = 2147483647;
			files = (
				08365A762C107A6300DADE57 /* TendableiOSTestTests.swift in Sources */,
			);
			runOnlyForDeploymentPostprocessing = 0;
		};
		08365A772C107A6300DADE57 /* Sources */ = {
			isa = PBXSourcesBuildPhase;
			buildActionMask = 2147483647;
			files = (
				08365A802C107A6300DADE57 /* TendableiOSTestUITests.swift in Sources */,
				08365A822C107A6300DADE57 /* TendableiOSTestUITestsLaunchTests.swift in Sources */,
			);
			runOnlyForDeploymentPostprocessing = 0;
		};
/* End PBXSourcesBuildPhase section */

/* Begin PBXTargetDependency section */
		08365A732C107A6300DADE57 /* PBXTargetDependency */ = {
			isa = PBXTargetDependency;
			target = 08365A572C107A6200DADE57 /* TendableiOSTest */;
			targetProxy = 08365A722C107A6300DADE57 /* PBXContainerItemProxy */;
		};
		08365A7D2C107A6300DADE57 /* PBXTargetDependency */ = {
			isa = PBXTargetDependency;
			target = 08365A572C107A6200DADE57 /* TendableiOSTest */;
			targetProxy = 08365A7C2C107A6300DADE57 /* PBXContainerItemProxy */;
		};
/* End PBXTargetDependency section */

/* Begin PBXVariantGroup section */
		08365A612C107A6200DADE57 /* Main.storyboard */ = {
			isa = PBXVariantGroup;
			children = (
				08365A622C107A6200DADE57 /* Base */,
			);
			name = Main.storyboard;
			sourceTree = "<group>";
		};
		08365A692C107A6300DADE57 /* LaunchScreen.storyboard */ = {
			isa = PBXVariantGroup;
			children = (
				08365A6A2C107A6300DADE57 /* Base */,
			);
			name = LaunchScreen.storyboard;
			sourceTree = "<group>";
		};
/* End PBXVariantGroup section */

/* Begin XCBuildConfiguration section */
		08365A832C107A6300DADE57 /* Debug */ = {
			isa = XCBuildConfiguration;
			buildSettings = {
				ALWAYS_SEARCH_USER_PATHS = NO;
				ASSETCATALOG_COMPILER_GENERATE_SWIFT_ASSET_SYMBOL_EXTENSIONS = YES;
				CLANG_ANALYZER_NONNULL = YES;
				CLANG_ANALYZER_NUMBER_OBJECT_CONVERSION = YES_AGGRESSIVE;
				CLANG_CXX_LANGUAGE_STANDARD = "gnu++20";
				CLANG_ENABLE_MODULES = YES;
				CLANG_ENABLE_OBJC_ARC = YES;
				CLANG_ENABLE_OBJC_WEAK = YES;
				CLANG_WARN_BLOCK_CAPTURE_AUTORELEASING = YES;
				CLANG_WARN_BOOL_CONVERSION = YES;
				CLANG_WARN_COMMA = YES;
				CLANG_WARN_CONSTANT_CONVERSION = YES;
				CLANG_WARN_DEPRECATED_OBJC_IMPLEMENTATIONS = YES;
				CLANG_WARN_DIRECT_OBJC_ISA_USAGE = YES_ERROR;
				CLANG_WARN_DOCUMENTATION_COMMENTS = YES;
				CLANG_WARN_EMPTY_BODY = YES;
				CLANG_WARN_ENUM_CONVERSION = YES;
				CLANG_WARN_INFINITE_RECURSION = YES;
				CLANG_WARN_INT_CONVERSION = YES;
				CLANG_WARN_NON_LITERAL_NULL_CONVERSION = YES;
				CLANG_WARN_OBJC_IMPLICIT_RETAIN_SELF = YES;
				CLANG_WARN_OBJC_LITERAL_CONVERSION = YES;
				CLANG_WARN_OBJC_ROOT_CLASS = YES_ERROR;
				CLANG_WARN_QUOTED_INCLUDE_IN_FRAMEWORK_HEADER = YES;
				CLANG_WARN_RANGE_LOOP_ANALYSIS = YES;
				CLANG_WARN_STRICT_PROTOTYPES = YES;
				CLANG_WARN_SUSPICIOUS_MOVE = YES;
				CLANG_WARN_UNGUARDED_AVAILABILITY = YES_AGGRESSIVE;
				CLANG_WARN_UNREACHABLE_CODE = YES;
				CLANG_WARN__DUPLICATE_METHOD_MATCH = YES;
				COPY_PHASE_STRIP = NO;
				DEBUG_INFORMATION_FORMAT = dwarf;
				ENABLE_STRICT_OBJC_MSGSEND = YES;
				ENABLE_TESTABILITY = YES;
				ENABLE_USER_SCRIPT_SANDBOXING = YES;
				GCC_C_LANGUAGE_STANDARD = gnu17;
				GCC_DYNAMIC_NO_PIC = NO;
				GCC_NO_COMMON_BLOCKS = YES;
				GCC_OPTIMIZATION_LEVEL = 0;
				GCC_PREPROCESSOR_DEFINITIONS = (
					"DEBUG=1",
					"$(inherited)",
				);
				GCC_WARN_64_TO_32_BIT_CONVERSION = YES;
				GCC_WARN_ABOUT_RETURN_TYPE = YES_ERROR;
				GCC_WARN_UNDECLARED_SELECTOR = YES;
				GCC_WARN_UNINITIALIZED_AUTOS = YES_AGGRESSIVE;
				GCC_WARN_UNUSED_FUNCTION = YES;
				GCC_WARN_UNUSED_VARIABLE = YES;
				IPHONEOS_DEPLOYMENT_TARGET = 17.4;
				LOCALIZATION_PREFERS_STRING_CATALOGS = YES;
				MTL_ENABLE_DEBUG_INFO = INCLUDE_SOURCE;
				MTL_FAST_MATH = YES;
				ONLY_ACTIVE_ARCH = YES;
				SDKROOT = iphoneos;
				SWIFT_ACTIVE_COMPILATION_CONDITIONS = "DEBUG $(inherited)";
				SWIFT_OPTIMIZATION_LEVEL = "-Onone";
			};
			name = Debug;
		};
		08365A842C107A6300DADE57 /* Release */ = {
			isa = XCBuildConfiguration;
			buildSettings = {
				ALWAYS_SEARCH_USER_PATHS = NO;
				ASSETCATALOG_COMPILER_GENERATE_SWIFT_ASSET_SYMBOL_EXTENSIONS = YES;
				CLANG_ANALYZER_NONNULL = YES;
				CLANG_ANALYZER_NUMBER_OBJECT_CONVERSION = YES_AGGRESSIVE;
				CLANG_CXX_LANGUAGE_STANDARD = "gnu++20";
				CLANG_ENABLE_MODULES = YES;
				CLANG_ENABLE_OBJC_ARC = YES;
				CLANG_ENABLE_OBJC_WEAK = YES;
				CLANG_WARN_BLOCK_CAPTURE_AUTORELEASING = YES;
				CLANG_WARN_BOOL_CONVERSION = YES;
				CLANG_WARN_COMMA = YES;
				CLANG_WARN_CONSTANT_CONVERSION = YES;
				CLANG_WARN_DEPRECATED_OBJC_IMPLEMENTATIONS = YES;
				CLANG_WARN_DIRECT_OBJC_ISA_USAGE = YES_ERROR;
				CLANG_WARN_DOCUMENTATION_COMMENTS = YES;
				CLANG_WARN_EMPTY_BODY = YES;
				CLANG_WARN_ENUM_CONVERSION = YES;
				CLANG_WARN_INFINITE_RECURSION = YES;
				CLANG_WARN_INT_CONVERSION = YES;
				CLANG_WARN_NON_LITERAL_NULL_CONVERSION = YES;
				CLANG_WARN_OBJC_IMPLICIT_RETAIN_SELF = YES;
				CLANG_WARN_OBJC_LITERAL_CONVERSION = YES;
				CLANG_WARN_OBJC_ROOT_CLASS = YES_ERROR;
				CLANG_WARN_QUOTED_INCLUDE_IN_FRAMEWORK_HEADER = YES;
				CLANG_WARN_RANGE_LOOP_ANALYSIS = YES;
				CLANG_WARN_STRICT_PROTOTYPES = YES;
				CLANG_WARN_SUSPICIOUS_MOVE = YES;
				CLANG_WARN_UNGUARDED_AVAILABILITY = YES_AGGRESSIVE;
				CLANG_WARN_UNREACHABLE_CODE = YES;
				CLANG_WARN__DUPLICATE_METHOD_MATCH = YES;
				COPY_PHASE_STRIP = NO;
				DEBUG_INFORMATION_FORMAT = "dwarf-with-dsym";
				ENABLE_NS_ASSERTIONS = NO;
				ENABLE_STRICT_OBJC_MSGSEND = YES;
				ENABLE_USER_SCRIPT_SANDBOXING = YES;
				GCC_C_LANGUAGE_STANDARD = gnu17;
				GCC_NO_COMMON_BLOCKS = YES;
				GCC_WARN_64_TO_32_BIT_CONVERSION = YES;
				GCC_WARN_ABOUT_RETURN_TYPE = YES_ERROR;
				GCC_WARN_UNDECLARED_SELECTOR = YES;
				GCC_WARN_UNINITIALIZED_AUTOS = YES_AGGRESSIVE;
				GCC_WARN_UNUSED_FUNCTION = YES;
				GCC_WARN_UNUSED_VARIABLE = YES;
				IPHONEOS_DEPLOYMENT_TARGET = 17.4;
				LOCALIZATION_PREFERS_STRING_CATALOGS = YES;
				MTL_ENABLE_DEBUG_INFO = NO;
				MTL_FAST_MATH = YES;
				SDKROOT = iphoneos;
				SWIFT_COMPILATION_MODE = wholemodule;
				VALIDATE_PRODUCT = YES;
			};
			name = Release;
		};
		08365A862C107A6300DADE57 /* Debug */ = {
			isa = XCBuildConfiguration;
			buildSettings = {
				ASSETCATALOG_COMPILER_APPICON_NAME = AppIcon;
				ASSETCATALOG_COMPILER_GLOBAL_ACCENT_COLOR_NAME = AccentColor;
				CODE_SIGN_STYLE = Automatic;
				CURRENT_PROJECT_VERSION = 1;
				DEVELOPMENT_TEAM = LG92TWM92R;
				GENERATE_INFOPLIST_FILE = YES;
				INFOPLIST_FILE = TendableiOSTest/Info.plist;
				INFOPLIST_KEY_UIApplicationSupportsIndirectInputEvents = YES;
				INFOPLIST_KEY_UILaunchStoryboardName = LaunchScreen;
				INFOPLIST_KEY_UIMainStoryboardFile = Main;
				INFOPLIST_KEY_UISupportedInterfaceOrientations_iPad = "UIInterfaceOrientationPortrait UIInterfaceOrientationPortraitUpsideDown UIInterfaceOrientationLandscapeLeft UIInterfaceOrientationLandscapeRight";
				INFOPLIST_KEY_UISupportedInterfaceOrientations_iPhone = "UIInterfaceOrientationPortrait UIInterfaceOrientationLandscapeLeft UIInterfaceOrientationLandscapeRight";
				LD_RUNPATH_SEARCH_PATHS = (
					"$(inherited)",
					"@executable_path/Frameworks",
				);
				MARKETING_VERSION = 1.0;
				PRODUCT_BUNDLE_IDENTIFIER = TechieShravan.TendableiOSTest;
				PRODUCT_NAME = "$(TARGET_NAME)";
				SWIFT_EMIT_LOC_STRINGS = YES;
				SWIFT_VERSION = 5.0;
				TARGETED_DEVICE_FAMILY = "1,2";
			};
			name = Debug;
		};
		08365A872C107A6300DADE57 /* Release */ = {
			isa = XCBuildConfiguration;
			buildSettings = {
				ASSETCATALOG_COMPILER_APPICON_NAME = AppIcon;
				ASSETCATALOG_COMPILER_GLOBAL_ACCENT_COLOR_NAME = AccentColor;
				CODE_SIGN_STYLE = Automatic;
				CURRENT_PROJECT_VERSION = 1;
				DEVELOPMENT_TEAM = LG92TWM92R;
				GENERATE_INFOPLIST_FILE = YES;
				INFOPLIST_FILE = TendableiOSTest/Info.plist;
				INFOPLIST_KEY_UIApplicationSupportsIndirectInputEvents = YES;
				INFOPLIST_KEY_UILaunchStoryboardName = LaunchScreen;
				INFOPLIST_KEY_UIMainStoryboardFile = Main;
				INFOPLIST_KEY_UISupportedInterfaceOrientations_iPad = "UIInterfaceOrientationPortrait UIInterfaceOrientationPortraitUpsideDown UIInterfaceOrientationLandscapeLeft UIInterfaceOrientationLandscapeRight";
				INFOPLIST_KEY_UISupportedInterfaceOrientations_iPhone = "UIInterfaceOrientationPortrait UIInterfaceOrientationLandscapeLeft UIInterfaceOrientationLandscapeRight";
				LD_RUNPATH_SEARCH_PATHS = (
					"$(inherited)",
					"@executable_path/Frameworks",
				);
				MARKETING_VERSION = 1.0;
				PRODUCT_BUNDLE_IDENTIFIER = TechieShravan.TendableiOSTest;
				PRODUCT_NAME = "$(TARGET_NAME)";
				SWIFT_EMIT_LOC_STRINGS = YES;
				SWIFT_VERSION = 5.0;
				TARGETED_DEVICE_FAMILY = "1,2";
			};
			name = Release;
		};
		08365A892C107A6300DADE57 /* Debug */ = {
			isa = XCBuildConfiguration;
			buildSettings = {
				ALWAYS_EMBED_SWIFT_STANDARD_LIBRARIES = YES;
				BUNDLE_LOADER = "$(TEST_HOST)";
				CODE_SIGN_STYLE = Automatic;
				CURRENT_PROJECT_VERSION = 1;
				DEVELOPMENT_TEAM = LG92TWM92R;
				GENERATE_INFOPLIST_FILE = YES;
				IPHONEOS_DEPLOYMENT_TARGET = 17.4;
				MARKETING_VERSION = 1.0;
				PRODUCT_BUNDLE_IDENTIFIER = TechieShravan.TendableiOSTestTests;
				PRODUCT_NAME = "$(TARGET_NAME)";
				SWIFT_EMIT_LOC_STRINGS = NO;
				SWIFT_VERSION = 5.0;
				TARGETED_DEVICE_FAMILY = "1,2";
				TEST_HOST = "$(BUILT_PRODUCTS_DIR)/TendableiOSTest.app/$(BUNDLE_EXECUTABLE_FOLDER_PATH)/TendableiOSTest";
			};
			name = Debug;
		};
		08365A8A2C107A6300DADE57 /* Release */ = {
			isa = XCBuildConfiguration;
			buildSettings = {
				ALWAYS_EMBED_SWIFT_STANDARD_LIBRARIES = YES;
				BUNDLE_LOADER = "$(TEST_HOST)";
				CODE_SIGN_STYLE = Automatic;
				CURRENT_PROJECT_VERSION = 1;
				DEVELOPMENT_TEAM = LG92TWM92R;
				GENERATE_INFOPLIST_FILE = YES;
				IPHONEOS_DEPLOYMENT_TARGET = 17.4;
				MARKETING_VERSION = 1.0;
				PRODUCT_BUNDLE_IDENTIFIER = TechieShravan.TendableiOSTestTests;
				PRODUCT_NAME = "$(TARGET_NAME)";
				SWIFT_EMIT_LOC_STRINGS = NO;
				SWIFT_VERSION = 5.0;
				TARGETED_DEVICE_FAMILY = "1,2";
				TEST_HOST = "$(BUILT_PRODUCTS_DIR)/TendableiOSTest.app/$(BUNDLE_EXECUTABLE_FOLDER_PATH)/TendableiOSTest";
			};
			name = Release;
		};
		08365A8C2C107A6300DADE57 /* Debug */ = {
			isa = XCBuildConfiguration;
			buildSettings = {
				ALWAYS_EMBED_SWIFT_STANDARD_LIBRARIES = YES;
				CODE_SIGN_STYLE = Automatic;
				CURRENT_PROJECT_VERSION = 1;
				DEVELOPMENT_TEAM = LG92TWM92R;
				GENERATE_INFOPLIST_FILE = YES;
				MARKETING_VERSION = 1.0;
				PRODUCT_BUNDLE_IDENTIFIER = TechieShravan.TendableiOSTestUITests;
				PRODUCT_NAME = "$(TARGET_NAME)";
				SWIFT_EMIT_LOC_STRINGS = NO;
				SWIFT_VERSION = 5.0;
				TARGETED_DEVICE_FAMILY = "1,2";
				TEST_TARGET_NAME = TendableiOSTest;
			};
			name = Debug;
		};
		08365A8D2C107A6300DADE57 /* Release */ = {
			isa = XCBuildConfiguration;
			buildSettings = {
				ALWAYS_EMBED_SWIFT_STANDARD_LIBRARIES = YES;
				CODE_SIGN_STYLE = Automatic;
				CURRENT_PROJECT_VERSION = 1;
				DEVELOPMENT_TEAM = LG92TWM92R;
				GENERATE_INFOPLIST_FILE = YES;
				MARKETING_VERSION = 1.0;
				PRODUCT_BUNDLE_IDENTIFIER = TechieShravan.TendableiOSTestUITests;
				PRODUCT_NAME = "$(TARGET_NAME)";
				SWIFT_EMIT_LOC_STRINGS = NO;
				SWIFT_VERSION = 5.0;
				TARGETED_DEVICE_FAMILY = "1,2";
				TEST_TARGET_NAME = TendableiOSTest;
			};
			name = Release;
		};
/* End XCBuildConfiguration section */

/* Begin XCConfigurationList section */
		08365A532C107A6200DADE57 /* Build configuration list for PBXProject "TendableiOSTest" */ = {
			isa = XCConfigurationList;
			buildConfigurations = (
				08365A832C107A6300DADE57 /* Debug */,
				08365A842C107A6300DADE57 /* Release */,
			);
			defaultConfigurationIsVisible = 0;
			defaultConfigurationName = Release;
		};
		08365A852C107A6300DADE57 /* Build configuration list for PBXNativeTarget "TendableiOSTest" */ = {
			isa = XCConfigurationList;
			buildConfigurations = (
				08365A862C107A6300DADE57 /* Debug */,
				08365A872C107A6300DADE57 /* Release */,
			);
			defaultConfigurationIsVisible = 0;
			defaultConfigurationName = Release;
		};
		08365A882C107A6300DADE57 /* Build configuration list for PBXNativeTarget "TendableiOSTestTests" */ = {
			isa = XCConfigurationList;
			buildConfigurations = (
				08365A892C107A6300DADE57 /* Debug */,
				08365A8A2C107A6300DADE57 /* Release */,
			);
			defaultConfigurationIsVisible = 0;
			defaultConfigurationName = Release;
		};
		08365A8B2C107A6300DADE57 /* Build configuration list for PBXNativeTarget "TendableiOSTestUITests" */ = {
			isa = XCConfigurationList;
			buildConfigurations = (
				08365A8C2C107A6300DADE57 /* Debug */,
				08365A8D2C107A6300DADE57 /* Release */,
			);
			defaultConfigurationIsVisible = 0;
			defaultConfigurationName = Release;
		};
/* End XCConfigurationList section */

/* Begin XCVersionGroup section */
		08365A642C107A6200DADE57 /* TendableiOSTest.xcdatamodeld */ = {
			isa = XCVersionGroup;
			children = (
				08365A652C107A6200DADE57 /* TendableiOSTest.xcdatamodel */,
			);
			currentVersion = 08365A652C107A6200DADE57 /* TendableiOSTest.xcdatamodel */;
			path = TendableiOSTest.xcdatamodeld;
			sourceTree = "<group>";
			versionGroupType = wrapper.xcdatamodel;
		};
/* End XCVersionGroup section */
	};
	rootObject = 08365A502C107A6200DADE57 /* Project object */;
}
